
Microsoft Visual Studio Solution File, Format Version 12.00
# Visual Studio Version 17
VisualStudioVersion = 17.3.32922.545
MinimumVisualStudioVersion = 10.0.40219.1
Project("{8BC9CEB8-8B4A-11D0-8D11-00A0C91BC942}") = "lab5.0", "lab5.0.vcxproj", "{57661C11-D3BA-4A45-A16E-288EAFD1D321}"
EndProject
Project("{8BC9CEB8-8B4A-11D0-8D11-00A0C91BC942}") = "UnitTest2", "UnitTest2\UnitTest2.vcxproj", "{F8C556EB-3B5C-4104-97CC-B3F31F0F6916}"
EndProject
Global
	GlobalSection(SolutionConfigurationPlatforms) = preSolution
		Debug|x64 = Debug|x64
		Debug|x86 = Debug|x86
		Release|x64 = Release|x64
		Release|x86 = Release|x86
	EndGlobalSection
	GlobalSection(ProjectConfigurationPlatforms) = postSolution
		{57661C11-D3BA-4A45-A16E-288EAFD1D321}.Debug|x64.ActiveCfg = Debug|x64
		{57661C11-D3BA-4A45-A16E-288EAFD1D321}.Debug|x64.Build.0 = Debug|x64
		{57661C11-D3BA-4A45-A16E-288EAFD1D321}.Debug|x86.ActiveCfg = Debug|Win32
		{57661C11-D3BA-4A45-A16E-288EAFD1D321}.Debug|x86.Build.0 = Debug|Win32
		{57661C11-D3BA-4A45-A16E-288EAFD1D321}.Release|x64.ActiveCfg = Release|x64
		{57661C11-D3BA-4A45-A16E-288EAFD1D321}.Release|x64.Build.0 = Release|x64
		{57661C11-D3BA-4A45-A16E-288EAFD1D321}.Release|x86.ActiveCfg = Release|Win32
		{57661C11-D3BA-4A45-A16E-288EAFD1D321}.Release|x86.Build.0 = Release|Win32
		{F8C556EB-3B5C-4104-97CC-B3F31F0F6916}.Debug|x64.ActiveCfg = Debug|x64
		{F8C556EB-3B5C-4104-97CC-B3F31F0F6916}.Debug|x64.Build.0 = Debug|x64
		{F8C556EB-3B5C-4104-97CC-B3F31F0F6916}.Debug|x86.ActiveCfg = Debug|Win32
		{F8C556EB-3B5C-4104-97CC-B3F31F0F6916}.Debug|x86.Build.0 = Debug|Win32
		{F8C556EB-3B5C-4104-97CC-B3F31F0F6916}.Release|x64.ActiveCfg = Release|x64
		{F8C556EB-3B5C-4104-97CC-B3F31F0F6916}.Release|x64.Build.0 = Release|x64
		{F8C556EB-3B5C-4104-97CC-B3F31F0F6916}.Release|x86.ActiveCfg = Release|Win32
		{F8C556EB-3B5C-4104-97CC-B3F31F0F6916}.Release|x86.Build.0 = Release|Win32
	EndGlobalSection
	GlobalSection(SolutionProperties) = preSolution
		HideSolutionNode = FALSE
	EndGlobalSection
	GlobalSection(ExtensibilityGlobals) = postSolution
		SolutionGuid = {75E679D7-2E62-4CCD-82CE-E1F304175BA0}
	EndGlobalSection
EndGlobal
